
Microsoft Visual Studio Solution File, Format Version 12.00
# Visual Studio Version 17
VisualStudioVersion = 17.9.34701.34
MinimumVisualStudioVersion = 10.0.40219.1
Project("{FAE04EC0-301F-11D3-BF4B-00C04F79EFBC}") = "Lab4 Question3", "Lab4 Question3\Lab4 Question3.csproj", "{24BBB734-6BF3-4DCA-A17D-B669044511B3}"
EndProject
Global
	GlobalSection(SolutionConfigurationPlatforms) = preSolution
		Debug|Any CPU = Debug|Any CPU
		Release|Any CPU = Release|Any CPU
	EndGlobalSection
	GlobalSection(ProjectConfigurationPlatforms) = postSolution
		{24BBB734-6BF3-4DCA-A17D-B669044511B3}.Debug|Any CPU.ActiveCfg = Debug|Any CPU
		{24BBB734-6BF3-4DCA-A17D-B669044511B3}.Debug|Any CPU.Build.0 = Debug|Any CPU
		{24BBB734-6BF3-4DCA-A17D-B669044511B3}.Release|Any CPU.ActiveCfg = Release|Any CPU
		{24BBB734-6BF3-4DCA-A17D-B669044511B3}.Release|Any CPU.Build.0 = Release|Any CPU
	EndGlobalSection
	GlobalSection(SolutionProperties) = preSolution
		HideSolutionNode = FALSE
	EndGlobalSection
	GlobalSection(ExtensibilityGlobals) = postSolution
		SolutionGuid = {4E040891-2E81-4826-AA97-AC66FF95784E}
	EndGlobalSection
EndGlobal
