
Microsoft Visual Studio Solution File, Format Version 12.00
# Visual Studio Version 17
VisualStudioVersion = 17.9.34701.34
MinimumVisualStudioVersion = 10.0.40219.1
Project("{FAE04EC0-301F-11D3-BF4B-00C04F79EFBC}") = "Lab4 Question2", "Lab4 Question2\Lab4 Question2.csproj", "{DE6F070E-B679-47EC-B2DA-2D14B2F5E503}"
EndProject
Global
	GlobalSection(SolutionConfigurationPlatforms) = preSolution
		Debug|Any CPU = Debug|Any CPU
		Release|Any CPU = Release|Any CPU
	EndGlobalSection
	GlobalSection(ProjectConfigurationPlatforms) = postSolution
		{DE6F070E-B679-47EC-B2DA-2D14B2F5E503}.Debug|Any CPU.ActiveCfg = Debug|Any CPU
		{DE6F070E-B679-47EC-B2DA-2D14B2F5E503}.Debug|Any CPU.Build.0 = Debug|Any CPU
		{DE6F070E-B679-47EC-B2DA-2D14B2F5E503}.Release|Any CPU.ActiveCfg = Release|Any CPU
		{DE6F070E-B679-47EC-B2DA-2D14B2F5E503}.Release|Any CPU.Build.0 = Release|Any CPU
	EndGlobalSection
	GlobalSection(SolutionProperties) = preSolution
		HideSolutionNode = FALSE
	EndGlobalSection
	GlobalSection(ExtensibilityGlobals) = postSolution
		SolutionGuid = {7F6717C1-80D4-4B99-B7B9-91758E65A46A}
	EndGlobalSection
EndGlobal
